
Microsoft Visual Studio Solution File, Format Version 12.00
# Visual Studio Version 16
VisualStudioVersion = 16.0.31729.503
MinimumVisualStudioVersion = 10.0.40219.1
Project("{FAE04EC0-301F-11D3-BF4B-00C04F79EFBC}") = "PG 2 Lab3", "PG 2 Lab3\PG 2 Lab3.csproj", "{66F42208-4AC0-4190-9563-431937BF67D1}"
EndProject
Global
	GlobalSection(SolutionConfigurationPlatforms) = preSolution
		Debug|Any CPU = Debug|Any CPU
		Release|Any CPU = Release|Any CPU
	EndGlobalSection
	GlobalSection(ProjectConfigurationPlatforms) = postSolution
		{66F42208-4AC0-4190-9563-431937BF67D1}.Debug|Any CPU.ActiveCfg = Debug|Any CPU
		{66F42208-4AC0-4190-9563-431937BF67D1}.Debug|Any CPU.Build.0 = Debug|Any CPU
		{66F42208-4AC0-4190-9563-431937BF67D1}.Release|Any CPU.ActiveCfg = Release|Any CPU
		{66F42208-4AC0-4190-9563-431937BF67D1}.Release|Any CPU.Build.0 = Release|Any CPU
	EndGlobalSection
	GlobalSection(SolutionProperties) = preSolution
		HideSolutionNode = FALSE
	EndGlobalSection
	GlobalSection(ExtensibilityGlobals) = postSolution
		SolutionGuid = {82BA949F-C6C6-4878-86F4-0D5885EC2FE0}
	EndGlobalSection
EndGlobal
